// !$*UTF8*$!
{
	archiveVersion = 1;
	classes = {
	};
	objectVersion = 55;
	objects = {

/* Begin PBXBuildFile section */
		391168FA271D970200231623 /* ColorCollectionViewCell.swift in Sources */ = {isa = PBXBuildFile; fileRef = 391168F9271D970200231623 /* ColorCollectionViewCell.swift */; };
		391168FD271EAB5900231623 /* GiftCardModel.swift in Sources */ = {isa = PBXBuildFile; fileRef = 391168FC271EAB5900231623 /* GiftCardModel.swift */; };
		3924CE4B271023F500DD0455 /* AppDelegate.swift in Sources */ = {isa = PBXBuildFile; fileRef = 3924CE4A271023F500DD0455 /* AppDelegate.swift */; };
		3924CE4D271023F500DD0455 /* SceneDelegate.swift in Sources */ = {isa = PBXBuildFile; fileRef = 3924CE4C271023F500DD0455 /* SceneDelegate.swift */; };
		3924CE52271023F500DD0455 /* Main.storyboard in Resources */ = {isa = PBXBuildFile; fileRef = 3924CE50271023F500DD0455 /* Main.storyboard */; };
		3924CE55271023F500DD0455 /* ToDoList.xcdatamodeld in Sources */ = {isa = PBXBuildFile; fileRef = 3924CE53271023F500DD0455 /* ToDoList.xcdatamodeld */; };
		3924CE57271023F700DD0455 /* Assets.xcassets in Resources */ = {isa = PBXBuildFile; fileRef = 3924CE56271023F700DD0455 /* Assets.xcassets */; };
		3924CE5A271023F700DD0455 /* LaunchScreen.storyboard in Resources */ = {isa = PBXBuildFile; fileRef = 3924CE58271023F700DD0455 /* LaunchScreen.storyboard */; };
		3924CE62271024C700DD0455 /* ToDo.swift in Sources */ = {isa = PBXBuildFile; fileRef = 3924CE61271024C700DD0455 /* ToDo.swift */; };
		3924CE642710254B00DD0455 /* ToDoTableViewController.swift in Sources */ = {isa = PBXBuildFile; fileRef = 3924CE632710254B00DD0455 /* ToDoTableViewController.swift */; };
		3924CE6627102D7300DD0455 /* AddToDoViewController.swift in Sources */ = {isa = PBXBuildFile; fileRef = 3924CE6527102D7300DD0455 /* AddToDoViewController.swift */; };
		3927475B2710637500888991 /* ToDoDetailViewController.swift in Sources */ = {isa = PBXBuildFile; fileRef = 3927475A2710637500888991 /* ToDoDetailViewController.swift */; };
		396A018B2716CC04009EBFA7 /* CryptoPriceVC.swift in Sources */ = {isa = PBXBuildFile; fileRef = 396A018A2716CC04009EBFA7 /* CryptoPriceVC.swift */; };
		396A018E2716FB79009EBFA7 /* GiftViewController.swift in Sources */ = {isa = PBXBuildFile; fileRef = 396A018D2716FB79009EBFA7 /* GiftViewController.swift */; };
		3979768E271D89CB0099FD29 /* HeaderCollectionReusableView.swift in Sources */ = {isa = PBXBuildFile; fileRef = 3979768D271D89CB0099FD29 /* HeaderCollectionReusableView.swift */; };
/* End PBXBuildFile section */

/* Begin PBXFileReference section */
		391168F9271D970200231623 /* ColorCollectionViewCell.swift */ = {isa = PBXFileReference; lastKnownFileType = sourcecode.swift; path = ColorCollectionViewCell.swift; sourceTree = "<group>"; };
		391168FC271EAB5900231623 /* GiftCardModel.swift */ = {isa = PBXFileReference; lastKnownFileType = sourcecode.swift; path = GiftCardModel.swift; sourceTree = "<group>"; };
		3924CE47271023F500DD0455 /* ToDoList.app */ = {isa = PBXFileReference; explicitFileType = wrapper.application; includeInIndex = 0; path = ToDoList.app; sourceTree = BUILT_PRODUCTS_DIR; };
		3924CE4A271023F500DD0455 /* AppDelegate.swift */ = {isa = PBXFileReference; lastKnownFileType = sourcecode.swift; path = AppDelegate.swift; sourceTree = "<group>"; };
		3924CE4C271023F500DD0455 /* SceneDelegate.swift */ = {isa = PBXFileReference; lastKnownFileType = sourcecode.swift; path = SceneDelegate.swift; sourceTree = "<group>"; };
		3924CE51271023F500DD0455 /* Base */ = {isa = PBXFileReference; lastKnownFileType = file.storyboard; name = Base; path = Base.lproj/Main.storyboard; sourceTree = "<group>"; };
		3924CE54271023F500DD0455 /* ToDoList.xcdatamodel */ = {isa = PBXFileReference; lastKnownFileType = wrapper.xcdatamodel; path = ToDoList.xcdatamodel; sourceTree = "<group>"; };
		3924CE56271023F700DD0455 /* Assets.xcassets */ = {isa = PBXFileReference; lastKnownFileType = folder.assetcatalog; path = Assets.xcassets; sourceTree = "<group>"; };
		3924CE59271023F700DD0455 /* Base */ = {isa = PBXFileReference; lastKnownFileType = file.storyboard; name = Base; path = Base.lproj/LaunchScreen.storyboard; sourceTree = "<group>"; };
		3924CE5B271023F700DD0455 /* Info.plist */ = {isa = PBXFileReference; lastKnownFileType = text.plist.xml; path = Info.plist; sourceTree = "<group>"; };
		3924CE61271024C700DD0455 /* ToDo.swift */ = {isa = PBXFileReference; lastKnownFileType = sourcecode.swift; path = ToDo.swift; sourceTree = "<group>"; };
		3924CE632710254B00DD0455 /* ToDoTableViewController.swift */ = {isa = PBXFileReference; lastKnownFileType = sourcecode.swift; path = ToDoTableViewController.swift; sourceTree = "<group>"; };
		3924CE6527102D7300DD0455 /* AddToDoViewController.swift */ = {isa = PBXFileReference; lastKnownFileType = sourcecode.swift; path = AddToDoViewController.swift; sourceTree = "<group>"; };
		3927475A2710637500888991 /* ToDoDetailViewController.swift */ = {isa = PBXFileReference; lastKnownFileType = sourcecode.swift; path = ToDoDetailViewController.swift; sourceTree = "<group>"; };
		396A018A2716CC04009EBFA7 /* CryptoPriceVC.swift */ = {isa = PBXFileReference; lastKnownFileType = sourcecode.swift; path = CryptoPriceVC.swift; sourceTree = "<group>"; };
		396A018D2716FB79009EBFA7 /* GiftViewController.swift */ = {isa = PBXFileReference; lastKnownFileType = sourcecode.swift; path = GiftViewController.swift; sourceTree = "<group>"; };
		3979768D271D89CB0099FD29 /* HeaderCollectionReusableView.swift */ = {isa = PBXFileReference; lastKnownFileType = sourcecode.swift; path = HeaderCollectionReusableView.swift; sourceTree = "<group>"; };
/* End PBXFileReference section */

/* Begin PBXFrameworksBuildPhase section */
		3924CE44271023F500DD0455 /* Frameworks */ = {
			isa = PBXFrameworksBuildPhase;
			buildActionMask = 2147483647;
			files = (
			);
			runOnlyForDeploymentPostprocessing = 0;
		};
/* End PBXFrameworksBuildPhase section */

/* Begin PBXGroup section */
		390A3016271436410029C81D /* todo */ = {
			isa = PBXGroup;
			children = (
				3924CE632710254B00DD0455 /* ToDoTableViewController.swift */,
				3924CE6527102D7300DD0455 /* AddToDoViewController.swift */,
				3927475A2710637500888991 /* ToDoDetailViewController.swift */,
				3924CE61271024C700DD0455 /* ToDo.swift */,
			);
			path = todo;
			sourceTree = "<group>";
		};
		391168FB271EAB4400231623 /* model */ = {
			isa = PBXGroup;
			children = (
				391168FC271EAB5900231623 /* GiftCardModel.swift */,
			);
			path = model;
			sourceTree = "<group>";
		};
		3924CE3E271023F500DD0455 = {
			isa = PBXGroup;
			children = (
				3924CE49271023F500DD0455 /* ToDoList */,
				3924CE48271023F500DD0455 /* Products */,
			);
			sourceTree = "<group>";
		};
		3924CE48271023F500DD0455 /* Products */ = {
			isa = PBXGroup;
			children = (
				3924CE47271023F500DD0455 /* ToDoList.app */,
			);
			name = Products;
			sourceTree = "<group>";
		};
		3924CE49271023F500DD0455 /* ToDoList */ = {
			isa = PBXGroup;
			children = (
				396A018C2716FAF7009EBFA7 /* giftcard */,
				396A01892716C748009EBFA7 /* crypto */,
				390A3016271436410029C81D /* todo */,
				3924CE4A271023F500DD0455 /* AppDelegate.swift */,
				3924CE4C271023F500DD0455 /* SceneDelegate.swift */,
				3924CE50271023F500DD0455 /* Main.storyboard */,
				3924CE56271023F700DD0455 /* Assets.xcassets */,
				3924CE58271023F700DD0455 /* LaunchScreen.storyboard */,
				3924CE5B271023F700DD0455 /* Info.plist */,
				3924CE53271023F500DD0455 /* ToDoList.xcdatamodeld */,
			);
			path = ToDoList;
			sourceTree = "<group>";
		};
		396A01892716C748009EBFA7 /* crypto */ = {
			isa = PBXGroup;
			children = (
				396A018A2716CC04009EBFA7 /* CryptoPriceVC.swift */,
			);
			path = crypto;
			sourceTree = "<group>";
		};
		396A018C2716FAF7009EBFA7 /* giftcard */ = {
			isa = PBXGroup;
			children = (
				391168FB271EAB4400231623 /* model */,
				396A018D2716FB79009EBFA7 /* GiftViewController.swift */,
				3979768D271D89CB0099FD29 /* HeaderCollectionReusableView.swift */,
				391168F9271D970200231623 /* ColorCollectionViewCell.swift */,
			);
			path = giftcard;
			sourceTree = "<group>";
		};
/* End PBXGroup section */

/* Begin PBXNativeTarget section */
		3924CE46271023F500DD0455 /* ToDoList */ = {
			isa = PBXNativeTarget;
			buildConfigurationList = 3924CE5E271023F700DD0455 /* Build configuration list for PBXNativeTarget "ToDoList" */;
			buildPhases = (
				3924CE43271023F500DD0455 /* Sources */,
				3924CE44271023F500DD0455 /* Frameworks */,
				3924CE45271023F500DD0455 /* Resources */,
			);
			buildRules = (
			);
			dependencies = (
			);
			name = ToDoList;
			productName = ToDoList;
			productReference = 3924CE47271023F500DD0455 /* ToDoList.app */;
			productType = "com.apple.product-type.application";
		};
/* End PBXNativeTarget section */

/* Begin PBXProject section */
		3924CE3F271023F500DD0455 /* Project object */ = {
			isa = PBXProject;
			attributes = {
				BuildIndependentTargetsInParallel = 1;
				LastSwiftUpdateCheck = 1300;
				LastUpgradeCheck = 1300;
				TargetAttributes = {
					3924CE46271023F500DD0455 = {
						CreatedOnToolsVersion = 13.0;
					};
				};
			};
			buildConfigurationList = 3924CE42271023F500DD0455 /* Build configuration list for PBXProject "ToDoList" */;
			compatibilityVersion = "Xcode 13.0";
			developmentRegion = en;
			hasScannedForEncodings = 0;
			knownRegions = (
				en,
				Base,
			);
			mainGroup = 3924CE3E271023F500DD0455;
			productRefGroup = 3924CE48271023F500DD0455 /* Products */;
			projectDirPath = "";
			projectRoot = "";
			targets = (
				3924CE46271023F500DD0455 /* ToDoList */,
			);
		};
/* End PBXProject section */

/* Begin PBXResourcesBuildPhase section */
		3924CE45271023F500DD0455 /* Resources */ = {
			isa = PBXResourcesBuildPhase;
			buildActionMask = 2147483647;
			files = (
				3924CE5A271023F700DD0455 /* LaunchScreen.storyboard in Resources */,
				3924CE57271023F700DD0455 /* Assets.xcassets in Resources */,
				3924CE52271023F500DD0455 /* Main.storyboard in Resources */,
			);
			runOnlyForDeploymentPostprocessing = 0;
		};
/* End PBXResourcesBuildPhase section */

/* Begin PBXSourcesBuildPhase section */
		3924CE43271023F500DD0455 /* Sources */ = {
			isa = PBXSourcesBuildPhase;
			buildActionMask = 2147483647;
			files = (
				3924CE4B271023F500DD0455 /* AppDelegate.swift in Sources */,
				3927475B2710637500888991 /* ToDoDetailViewController.swift in Sources */,
				3924CE4D271023F500DD0455 /* SceneDelegate.swift in Sources */,
				391168FD271EAB5900231623 /* GiftCardModel.swift in Sources */,
				396A018B2716CC04009EBFA7 /* CryptoPriceVC.swift in Sources */,
				396A018E2716FB79009EBFA7 /* GiftViewController.swift in Sources */,
				3924CE55271023F500DD0455 /* ToDoList.xcdatamodeld in Sources */,
				3924CE62271024C700DD0455 /* ToDo.swift in Sources */,
				3924CE6627102D7300DD0455 /* AddToDoViewController.swift in Sources */,
				391168FA271D970200231623 /* ColorCollectionViewCell.swift in Sources */,
				3979768E271D89CB0099FD29 /* HeaderCollectionReusableView.swift in Sources */,
				3924CE642710254B00DD0455 /* ToDoTableViewController.swift in Sources */,
			);
			runOnlyForDeploymentPostprocessing = 0;
		};
/* End PBXSourcesBuildPhase section */

/* Begin PBXVariantGroup section */
		3924CE50271023F500DD0455 /* Main.storyboard */ = {
			isa = PBXVariantGroup;
			children = (
				3924CE51271023F500DD0455 /* Base */,
			);
			name = Main.storyboard;
			sourceTree = "<group>";
		};
		3924CE58271023F700DD0455 /* LaunchScreen.storyboard */ = {
			isa = PBXVariantGroup;
			children = (
				3924CE59271023F700DD0455 /* Base */,
			);
			name = LaunchScreen.storyboard;
			sourceTree = "<group>";
		};
/* End PBXVariantGroup section */

/* Begin XCBuildConfiguration section */
		3924CE5C271023F700DD0455 /* Debug */ = {
			isa = XCBuildConfiguration;
			buildSettings = {
				ALWAYS_SEARCH_USER_PATHS = NO;
				CLANG_ANALYZER_NONNULL = YES;
				CLANG_ANALYZER_NUMBER_OBJECT_CONVERSION = YES_AGGRESSIVE;
				CLANG_CXX_LANGUAGE_STANDARD = "gnu++17";
				CLANG_CXX_LIBRARY = "libc++";
				CLANG_ENABLE_MODULES = YES;
				CLANG_ENABLE_OBJC_ARC = YES;
				CLANG_ENABLE_OBJC_WEAK = YES;
				CLANG_WARN_BLOCK_CAPTURE_AUTORELEASING = YES;
				CLANG_WARN_BOOL_CONVERSION = YES;
				CLANG_WARN_COMMA = YES;
				CLANG_WARN_CONSTANT_CONVERSION = YES;
				CLANG_WARN_DEPRECATED_OBJC_IMPLEMENTATIONS = YES;
				CLANG_WARN_DIRECT_OBJC_ISA_USAGE = YES_ERROR;
				CLANG_WARN_DOCUMENTATION_COMMENTS = YES;
				CLANG_WARN_EMPTY_BODY = YES;
				CLANG_WARN_ENUM_CONVERSION = YES;
				CLANG_WARN_INFINITE_RECURSION = YES;
				CLANG_WARN_INT_CONVERSION = YES;
				CLANG_WARN_NON_LITERAL_NULL_CONVERSION = YES;
				CLANG_WARN_OBJC_IMPLICIT_RETAIN_SELF = YES;
				CLANG_WARN_OBJC_LITERAL_CONVERSION = YES;
				CLANG_WARN_OBJC_ROOT_CLASS = YES_ERROR;
				CLANG_WARN_QUOTED_INCLUDE_IN_FRAMEWORK_HEADER = YES;
				CLANG_WARN_RANGE_LOOP_ANALYSIS = YES;
				CLANG_WARN_STRICT_PROTOTYPES = YES;
				CLANG_WARN_SUSPICIOUS_MOVE = YES;
				CLANG_WARN_UNGUARDED_AVAILABILITY = YES_AGGRESSIVE;
				CLANG_WARN_UNREACHABLE_CODE = YES;
				CLANG_WARN__DUPLICATE_METHOD_MATCH = YES;
				COPY_PHASE_STRIP = NO;
				DEBUG_INFORMATION_FORMAT = dwarf;
				ENABLE_STRICT_OBJC_MSGSEND = YES;
				ENABLE_TESTABILITY = YES;
				GCC_C_LANGUAGE_STANDARD = gnu11;
				GCC_DYNAMIC_NO_PIC = NO;
				GCC_NO_COMMON_BLOCKS = YES;
				GCC_OPTIMIZATION_LEVEL = 0;
				GCC_PREPROCESSOR_DEFINITIONS = (
					"DEBUG=1",
					"$(inherited)",
				);
				GCC_WARN_64_TO_32_BIT_CONVERSION = YES;
				GCC_WARN_ABOUT_RETURN_TYPE = YES_ERROR;
				GCC_WARN_UNDECLARED_SELECTOR = YES;
				GCC_WARN_UNINITIALIZED_AUTOS = YES_AGGRESSIVE;
				GCC_WARN_UNUSED_FUNCTION = YES;
				GCC_WARN_UNUSED_VARIABLE = YES;
				IPHONEOS_DEPLOYMENT_TARGET = 15.0;
				MTL_ENABLE_DEBUG_INFO = INCLUDE_SOURCE;
				MTL_FAST_MATH = YES;
				ONLY_ACTIVE_ARCH = YES;
				SDKROOT = iphoneos;
				SWIFT_ACTIVE_COMPILATION_CONDITIONS = DEBUG;
				SWIFT_OPTIMIZATION_LEVEL = "-Onone";
			};
			name = Debug;
		};
		3924CE5D271023F700DD0455 /* Release */ = {
			isa = XCBuildConfiguration;
			buildSettings = {
				ALWAYS_SEARCH_USER_PATHS = NO;
				CLANG_ANALYZER_NONNULL = YES;
				CLANG_ANALYZER_NUMBER_OBJECT_CONVERSION = YES_AGGRESSIVE;
				CLANG_CXX_LANGUAGE_STANDARD = "gnu++17";
				CLANG_CXX_LIBRARY = "libc++";
				CLANG_ENABLE_MODULES = YES;
				CLANG_ENABLE_OBJC_ARC = YES;
				CLANG_ENABLE_OBJC_WEAK = YES;
				CLANG_WARN_BLOCK_CAPTURE_AUTORELEASING = YES;
				CLANG_WARN_BOOL_CONVERSION = YES;
				CLANG_WARN_COMMA = YES;
				CLANG_WARN_CONSTANT_CONVERSION = YES;
				CLANG_WARN_DEPRECATED_OBJC_IMPLEMENTATIONS = YES;
				CLANG_WARN_DIRECT_OBJC_ISA_USAGE = YES_ERROR;
				CLANG_WARN_DOCUMENTATION_COMMENTS = YES;
				CLANG_WARN_EMPTY_BODY = YES;
				CLANG_WARN_ENUM_CONVERSION = YES;
				CLANG_WARN_INFINITE_RECURSION = YES;
				CLANG_WARN_INT_CONVERSION = YES;
				CLANG_WARN_NON_LITERAL_NULL_CONVERSION = YES;
				CLANG_WARN_OBJC_IMPLICIT_RETAIN_SELF = YES;
				CLANG_WARN_OBJC_LITERAL_CONVERSION = YES;
				CLANG_WARN_OBJC_ROOT_CLASS = YES_ERROR;
				CLANG_WARN_QUOTED_INCLUDE_IN_FRAMEWORK_HEADER = YES;
				CLANG_WARN_RANGE_LOOP_ANALYSIS = YES;
				CLANG_WARN_STRICT_PROTOTYPES = YES;
				CLANG_WARN_SUSPICIOUS_MOVE = YES;
				CLANG_WARN_UNGUARDED_AVAILABILITY = YES_AGGRESSIVE;
				CLANG_WARN_UNREACHABLE_CODE = YES;
				CLANG_WARN__DUPLICATE_METHOD_MATCH = YES;
				COPY_PHASE_STRIP = NO;
				DEBUG_INFORMATION_FORMAT = "dwarf-with-dsym";
				ENABLE_NS_ASSERTIONS = NO;
				ENABLE_STRICT_OBJC_MSGSEND = YES;
				GCC_C_LANGUAGE_STANDARD = gnu11;
				GCC_NO_COMMON_BLOCKS = YES;
				GCC_WARN_64_TO_32_BIT_CONVERSION = YES;
				GCC_WARN_ABOUT_RETURN_TYPE = YES_ERROR;
				GCC_WARN_UNDECLARED_SELECTOR = YES;
				GCC_WARN_UNINITIALIZED_AUTOS = YES_AGGRESSIVE;
				GCC_WARN_UNUSED_FUNCTION = YES;
				GCC_WARN_UNUSED_VARIABLE = YES;
				IPHONEOS_DEPLOYMENT_TARGET = 15.0;
				MTL_ENABLE_DEBUG_INFO = NO;
				MTL_FAST_MATH = YES;
				SDKROOT = iphoneos;
				SWIFT_COMPILATION_MODE = wholemodule;
				SWIFT_OPTIMIZATION_LEVEL = "-O";
				VALIDATE_PRODUCT = YES;
			};
			name = Release;
		};
		3924CE5F271023F700DD0455 /* Debug */ = {
			isa = XCBuildConfiguration;
			buildSettings = {
				ASSETCATALOG_COMPILER_APPICON_NAME = AppIcon;
				ASSETCATALOG_COMPILER_GLOBAL_ACCENT_COLOR_NAME = AccentColor;
				CODE_SIGN_STYLE = Automatic;
				CURRENT_PROJECT_VERSION = 1;
				DEVELOPMENT_TEAM = 4JDCX8SC9V;
				GENERATE_INFOPLIST_FILE = YES;
				INFOPLIST_FILE = ToDoList/Info.plist;
				INFOPLIST_KEY_UIApplicationSupportsIndirectInputEvents = YES;
				INFOPLIST_KEY_UILaunchStoryboardName = LaunchScreen;
				INFOPLIST_KEY_UIMainStoryboardFile = Main;
				INFOPLIST_KEY_UISupportedInterfaceOrientations_iPad = "UIInterfaceOrientationPortrait UIInterfaceOrientationPortraitUpsideDown UIInterfaceOrientationLandscapeLeft UIInterfaceOrientationLandscapeRight";
				INFOPLIST_KEY_UISupportedInterfaceOrientations_iPhone = "UIInterfaceOrientationPortrait UIInterfaceOrientationLandscapeLeft UIInterfaceOrientationLandscapeRight";
				IPHONEOS_DEPLOYMENT_TARGET = 14.6;
				LD_RUNPATH_SEARCH_PATHS = (
					"$(inherited)",
					"@executable_path/Frameworks",
				);
				MARKETING_VERSION = 1.0;
				PRODUCT_BUNDLE_IDENTIFIER = io.readian.ToDoList;
				PRODUCT_NAME = "$(TARGET_NAME)";
				SWIFT_EMIT_LOC_STRINGS = YES;
				SWIFT_VERSION = 5.0;
				TARGETED_DEVICE_FAMILY = "1,2";
			};
			name = Debug;
		};
		3924CE60271023F700DD0455 /* Release */ = {
			isa = XCBuildConfiguration;
			buildSettings = {
				ASSETCATALOG_COMPILER_APPICON_NAME = AppIcon;
				ASSETCATALOG_COMPILER_GLOBAL_ACCENT_COLOR_NAME = AccentColor;
				CODE_SIGN_STYLE = Automatic;
				CURRENT_PROJECT_VERSION = 1;
				DEVELOPMENT_TEAM = 4JDCX8SC9V;
				GENERATE_INFOPLIST_FILE = YES;
				INFOPLIST_FILE = ToDoList/Info.plist;
				INFOPLIST_KEY_UIApplicationSupportsIndirectInputEvents = YES;
				INFOPLIST_KEY_UILaunchStoryboardName = LaunchScreen;
				INFOPLIST_KEY_UIMainStoryboardFile = Main;
				INFOPLIST_KEY_UISupportedInterfaceOrientations_iPad = "UIInterfaceOrientationPortrait UIInterfaceOrientationPortraitUpsideDown UIInterfaceOrientationLandscapeLeft UIInterfaceOrientationLandscapeRight";
				INFOPLIST_KEY_UISupportedInterfaceOrientations_iPhone = "UIInterfaceOrientationPortrait UIInterfaceOrientationLandscapeLeft UIInterfaceOrientationLandscapeRight";
				IPHONEOS_DEPLOYMENT_TARGET = 14.6;
				LD_RUNPATH_SEARCH_PATHS = (
					"$(inherited)",
					"@executable_path/Frameworks",
				);
				MARKETING_VERSION = 1.0;
				PRODUCT_BUNDLE_IDENTIFIER = io.readian.ToDoList;
				PRODUCT_NAME = "$(TARGET_NAME)";
				SWIFT_EMIT_LOC_STRINGS = YES;
				SWIFT_VERSION = 5.0;
				TARGETED_DEVICE_FAMILY = "1,2";
			};
			name = Release;
		};
/* End XCBuildConfiguration section */

/* Begin XCConfigurationList section */
		3924CE42271023F500DD0455 /* Build configuration list for PBXProject "ToDoList" */ = {
			isa = XCConfigurationList;
			buildConfigurations = (
				3924CE5C271023F700DD0455 /* Debug */,
				3924CE5D271023F700DD0455 /* Release */,
			);
			defaultConfigurationIsVisible = 0;
			defaultConfigurationName = Release;
		};
		3924CE5E271023F700DD0455 /* Build configuration list for PBXNativeTarget "ToDoList" */ = {
			isa = XCConfigurationList;
			buildConfigurations = (
				3924CE5F271023F700DD0455 /* Debug */,
				3924CE60271023F700DD0455 /* Release */,
			);
			defaultConfigurationIsVisible = 0;
			defaultConfigurationName = Release;
		};
/* End XCConfigurationList section */

/* Begin XCVersionGroup section */
		3924CE53271023F500DD0455 /* ToDoList.xcdatamodeld */ = {
			isa = XCVersionGroup;
			children = (
				3924CE54271023F500DD0455 /* ToDoList.xcdatamodel */,
			);
			currentVersion = 3924CE54271023F500DD0455 /* ToDoList.xcdatamodel */;
			path = ToDoList.xcdatamodeld;
			sourceTree = "<group>";
			versionGroupType = wrapper.xcdatamodel;
		};
/* End XCVersionGroup section */
	};
	rootObject = 3924CE3F271023F500DD0455 /* Project object */;
}
